
Microsoft Visual Studio Solution File, Format Version 12.00
# Visual Studio Version 16
VisualStudioVersion = 16.0.31624.102
MinimumVisualStudioVersion = 10.0.40219.1
Project("{FAE04EC0-301F-11D3-BF4B-00C04F79EFBC}") = "MindOptimizersAPI", "MindOptimizersAPI.csproj", "{26D220C2-B8E2-4D7B-8419-B13091EA665E}"
EndProject
Global
	GlobalSection(SolutionConfigurationPlatforms) = preSolution
		Debug|Any CPU = Debug|Any CPU
		Release|Any CPU = Release|Any CPU
	EndGlobalSection
	GlobalSection(ProjectConfigurationPlatforms) = postSolution
		{26D220C2-B8E2-4D7B-8419-B13091EA665E}.Debug|Any CPU.ActiveCfg = Debug|Any CPU
		{26D220C2-B8E2-4D7B-8419-B13091EA665E}.Debug|Any CPU.Build.0 = Debug|Any CPU
		{26D220C2-B8E2-4D7B-8419-B13091EA665E}.Release|Any CPU.ActiveCfg = Release|Any CPU
		{26D220C2-B8E2-4D7B-8419-B13091EA665E}.Release|Any CPU.Build.0 = Release|Any CPU
	EndGlobalSection
	GlobalSection(SolutionProperties) = preSolution
		HideSolutionNode = FALSE
	EndGlobalSection
	GlobalSection(ExtensibilityGlobals) = postSolution
		SolutionGuid = {16F4A2F5-85F4-4331-830B-DDC3242E4377}
	EndGlobalSection
EndGlobal
